
Microsoft Visual Studio Solution File, Format Version 12.00
# Visual Studio Version 16
VisualStudioVersion = 16.0.29519.87
MinimumVisualStudioVersion = 15.0.26124.0
Project("{9A19103F-16F7-4668-BE54-9A1E7A4F7556}") = "GR.Core", "GR.Core.Extension\GR.Core\GR.Core.csproj", "{3146971E-5B43-488B-8D73-1982532445D4}"
EndProject
Project("{9A19103F-16F7-4668-BE54-9A1E7A4F7556}") = "GR.Core.Benchmark", "GR.Core.Extension\GR.Core.Benchmark\GR.Core.Benchmark.csproj", "{89C3422B-8497-4C3A-B798-9A3F62ADD6E5}"
EndProject
Project("{9A19103F-16F7-4668-BE54-9A1E7A4F7556}") = "GR.Core.Razor", "GR.Core.Extension\GR.Core.Razor\GR.Core.Razor.csproj", "{8724CE3F-427B-480B-9473-38339B173216}"
EndProject
Global
	GlobalSection(SolutionConfigurationPlatforms) = preSolution
		Debug|Any CPU = Debug|Any CPU
		Debug|x64 = Debug|x64
		Debug|x86 = Debug|x86
		Release|Any CPU = Release|Any CPU
		Release|x64 = Release|x64
		Release|x86 = Release|x86
	EndGlobalSection
	GlobalSection(ProjectConfigurationPlatforms) = postSolution
		{3146971E-5B43-488B-8D73-1982532445D4}.Debug|Any CPU.ActiveCfg = Debug|Any CPU
		{3146971E-5B43-488B-8D73-1982532445D4}.Debug|Any CPU.Build.0 = Debug|Any CPU
		{3146971E-5B43-488B-8D73-1982532445D4}.Debug|x64.ActiveCfg = Debug|Any CPU
		{3146971E-5B43-488B-8D73-1982532445D4}.Debug|x64.Build.0 = Debug|Any CPU
		{3146971E-5B43-488B-8D73-1982532445D4}.Debug|x86.ActiveCfg = Debug|Any CPU
		{3146971E-5B43-488B-8D73-1982532445D4}.Debug|x86.Build.0 = Debug|Any CPU
		{3146971E-5B43-488B-8D73-1982532445D4}.Release|Any CPU.ActiveCfg = Release|Any CPU
		{3146971E-5B43-488B-8D73-1982532445D4}.Release|Any CPU.Build.0 = Release|Any CPU
		{3146971E-5B43-488B-8D73-1982532445D4}.Release|x64.ActiveCfg = Release|Any CPU
		{3146971E-5B43-488B-8D73-1982532445D4}.Release|x64.Build.0 = Release|Any CPU
		{3146971E-5B43-488B-8D73-1982532445D4}.Release|x86.ActiveCfg = Release|Any CPU
		{3146971E-5B43-488B-8D73-1982532445D4}.Release|x86.Build.0 = Release|Any CPU
		{89C3422B-8497-4C3A-B798-9A3F62ADD6E5}.Debug|Any CPU.ActiveCfg = Debug|Any CPU
		{89C3422B-8497-4C3A-B798-9A3F62ADD6E5}.Debug|Any CPU.Build.0 = Debug|Any CPU
		{89C3422B-8497-4C3A-B798-9A3F62ADD6E5}.Debug|x64.ActiveCfg = Debug|Any CPU
		{89C3422B-8497-4C3A-B798-9A3F62ADD6E5}.Debug|x64.Build.0 = Debug|Any CPU
		{89C3422B-8497-4C3A-B798-9A3F62ADD6E5}.Debug|x86.ActiveCfg = Debug|Any CPU
		{89C3422B-8497-4C3A-B798-9A3F62ADD6E5}.Debug|x86.Build.0 = Debug|Any CPU
		{89C3422B-8497-4C3A-B798-9A3F62ADD6E5}.Release|Any CPU.ActiveCfg = Release|Any CPU
		{89C3422B-8497-4C3A-B798-9A3F62ADD6E5}.Release|Any CPU.Build.0 = Release|Any CPU
		{89C3422B-8497-4C3A-B798-9A3F62ADD6E5}.Release|x64.ActiveCfg = Release|Any CPU
		{89C3422B-8497-4C3A-B798-9A3F62ADD6E5}.Release|x64.Build.0 = Release|Any CPU
		{89C3422B-8497-4C3A-B798-9A3F62ADD6E5}.Release|x86.ActiveCfg = Release|Any CPU
		{89C3422B-8497-4C3A-B798-9A3F62ADD6E5}.Release|x86.Build.0 = Release|Any CPU
		{8724CE3F-427B-480B-9473-38339B173216}.Debug|Any CPU.ActiveCfg = Debug|Any CPU
		{8724CE3F-427B-480B-9473-38339B173216}.Debug|Any CPU.Build.0 = Debug|Any CPU
		{8724CE3F-427B-480B-9473-38339B173216}.Debug|x64.ActiveCfg = Debug|Any CPU
		{8724CE3F-427B-480B-9473-38339B173216}.Debug|x64.Build.0 = Debug|Any CPU
		{8724CE3F-427B-480B-9473-38339B173216}.Debug|x86.ActiveCfg = Debug|Any CPU
		{8724CE3F-427B-480B-9473-38339B173216}.Debug|x86.Build.0 = Debug|Any CPU
		{8724CE3F-427B-480B-9473-38339B173216}.Release|Any CPU.ActiveCfg = Release|Any CPU
		{8724CE3F-427B-480B-9473-38339B173216}.Release|Any CPU.Build.0 = Release|Any CPU
		{8724CE3F-427B-480B-9473-38339B173216}.Release|x64.ActiveCfg = Release|Any CPU
		{8724CE3F-427B-480B-9473-38339B173216}.Release|x64.Build.0 = Release|Any CPU
		{8724CE3F-427B-480B-9473-38339B173216}.Release|x86.ActiveCfg = Release|Any CPU
		{8724CE3F-427B-480B-9473-38339B173216}.Release|x86.Build.0 = Release|Any CPU
	EndGlobalSection
	GlobalSection(SolutionProperties) = preSolution
		HideSolutionNode = FALSE
	EndGlobalSection
	GlobalSection(ExtensibilityGlobals) = postSolution
		SolutionGuid = {BE8AB9E5-081F-4853-8BE0-3F9F5846FC83}
	EndGlobalSection
EndGlobal
